// !$*UTF8*$!
{
	archiveVersion = 1;
	classes = {
	};
	objectVersion = 46;
	objects = {

/* Begin PBXBuildFile section */
		1240508C1925349700B42AFA /* Foundation.framework in Frameworks */ = {isa = PBXBuildFile; fileRef = 1240508B1925349700B42AFA /* Foundation.framework */; };
		124050901925349700B42AFA /* UIKit.framework in Frameworks */ = {isa = PBXBuildFile; fileRef = 1240508F1925349700B42AFA /* UIKit.framework */; };
		124050961925349700B42AFA /* InfoPlist.strings in Resources */ = {isa = PBXBuildFile; fileRef = 124050941925349700B42AFA /* InfoPlist.strings */; };
		124050981925349700B42AFA /* main.m in Sources */ = {isa = PBXBuildFile; fileRef = 124050971925349700B42AFA /* main.m */; };
		1240509C1925349700B42AFA /* ALDAppDelegate.m in Sources */ = {isa = PBXBuildFile; fileRef = 1240509B1925349700B42AFA /* ALDAppDelegate.m */; };
		1240509F1925349700B42AFA /* Main.storyboard in Resources */ = {isa = PBXBuildFile; fileRef = 1240509D1925349700B42AFA /* Main.storyboard */; };
		124050A21925349700B42AFA /* ALDViewController.m in Sources */ = {isa = PBXBuildFile; fileRef = 124050A11925349700B42AFA /* ALDViewController.m */; };
		124050A41925349700B42AFA /* Images.xcassets in Resources */ = {isa = PBXBuildFile; fileRef = 124050A31925349700B42AFA /* Images.xcassets */; };
		4390618F1646452787328752 /* libPods.a in Frameworks */ = {isa = PBXBuildFile; fileRef = 28794DA447364087A47CB42F /* libPods.a */; };
/* End PBXBuildFile section */

/* Begin PBXFileReference section */
		124050881925349700B42AFA /* ALDBlurImageProcessorDemo.app */ = {isa = PBXFileReference; explicitFileType = wrapper.application; includeInIndex = 0; path = ALDBlurImageProcessorDemo.app; sourceTree = BUILT_PRODUCTS_DIR; };
		1240508B1925349700B42AFA /* Foundation.framework */ = {isa = PBXFileReference; lastKnownFileType = wrapper.framework; name = Foundation.framework; path = System/Library/Frameworks/Foundation.framework; sourceTree = SDKROOT; };
		1240508F1925349700B42AFA /* UIKit.framework */ = {isa = PBXFileReference; lastKnownFileType = wrapper.framework; name = UIKit.framework; path = System/Library/Frameworks/UIKit.framework; sourceTree = SDKROOT; };
		124050931925349700B42AFA /* ALDBlurImageProcessorDemo-Info.plist */ = {isa = PBXFileReference; lastKnownFileType = text.plist.xml; path = "ALDBlurImageProcessorDemo-Info.plist"; sourceTree = "<group>"; };
		124050951925349700B42AFA /* en */ = {isa = PBXFileReference; lastKnownFileType = text.plist.strings; name = en; path = en.lproj/InfoPlist.strings; sourceTree = "<group>"; };
		124050971925349700B42AFA /* main.m */ = {isa = PBXFileReference; lastKnownFileType = sourcecode.c.objc; path = main.m; sourceTree = "<group>"; };
		124050991925349700B42AFA /* ALDBlurImageProcessorDemo-Prefix.pch */ = {isa = PBXFileReference; lastKnownFileType = sourcecode.c.h; path = "ALDBlurImageProcessorDemo-Prefix.pch"; sourceTree = "<group>"; };
		1240509A1925349700B42AFA /* ALDAppDelegate.h */ = {isa = PBXFileReference; lastKnownFileType = sourcecode.c.h; path = ALDAppDelegate.h; sourceTree = "<group>"; };
		1240509B1925349700B42AFA /* ALDAppDelegate.m */ = {isa = PBXFileReference; lastKnownFileType = sourcecode.c.objc; path = ALDAppDelegate.m; sourceTree = "<group>"; };
		1240509E1925349700B42AFA /* Base */ = {isa = PBXFileReference; lastKnownFileType = file.storyboard; name = Base; path = Base.lproj/Main.storyboard; sourceTree = "<group>"; };
		124050A01925349700B42AFA /* ALDViewController.h */ = {isa = PBXFileReference; lastKnownFileType = sourcecode.c.h; path = ALDViewController.h; sourceTree = "<group>"; };
		124050A11925349700B42AFA /* ALDViewController.m */ = {isa = PBXFileReference; lastKnownFileType = sourcecode.c.objc; path = ALDViewController.m; sourceTree = "<group>"; };
		124050A31925349700B42AFA /* Images.xcassets */ = {isa = PBXFileReference; lastKnownFileType = folder.assetcatalog; path = Images.xcassets; sourceTree = "<group>"; };
		28794DA447364087A47CB42F /* libPods.a */ = {isa = PBXFileReference; explicitFileType = archive.ar; includeInIndex = 0; path = libPods.a; sourceTree = BUILT_PRODUCTS_DIR; };
		B254F9DFF5C8436498BF8920 /* Pods.xcconfig */ = {isa = PBXFileReference; includeInIndex = 1; lastKnownFileType = text.xcconfig; name = Pods.xcconfig; path = Pods/Pods.xcconfig; sourceTree = "<group>"; };
/* End PBXFileReference section */

/* Begin PBXFrameworksBuildPhase section */
		124050851925349700B42AFA /* Frameworks */ = {
			isa = PBXFrameworksBuildPhase;
			buildActionMask = 2147483647;
			files = (
				1240508C1925349700B42AFA /* Foundation.framework in Frameworks */,
				124050901925349700B42AFA /* UIKit.framework in Frameworks */,
				4390618F1646452787328752 /* libPods.a in Frameworks */,
			);
			runOnlyForDeploymentPostprocessing = 0;
		};
/* End PBXFrameworksBuildPhase section */

/* Begin PBXGroup section */
		1240507F1925349700B42AFA = {
			isa = PBXGroup;
			children = (
				124050911925349700B42AFA /* ALDBlurImageProcessorDemo */,
				1240508A1925349700B42AFA /* Frameworks */,
				124050891925349700B42AFA /* Products */,
				B254F9DFF5C8436498BF8920 /* Pods.xcconfig */,
			);
			sourceTree = "<group>";
		};
		124050891925349700B42AFA /* Products */ = {
			isa = PBXGroup;
			children = (
				124050881925349700B42AFA /* ALDBlurImageProcessorDemo.app */,
			);
			name = Products;
			sourceTree = "<group>";
		};
		1240508A1925349700B42AFA /* Frameworks */ = {
			isa = PBXGroup;
			children = (
				1240508B1925349700B42AFA /* Foundation.framework */,
				1240508F1925349700B42AFA /* UIKit.framework */,
				28794DA447364087A47CB42F /* libPods.a */,
			);
			name = Frameworks;
			sourceTree = "<group>";
		};
		124050911925349700B42AFA /* ALDBlurImageProcessorDemo */ = {
			isa = PBXGroup;
			children = (
				1240509A1925349700B42AFA /* ALDAppDelegate.h */,
				1240509B1925349700B42AFA /* ALDAppDelegate.m */,
				124050A01925349700B42AFA /* ALDViewController.h */,
				124050A11925349700B42AFA /* ALDViewController.m */,
				1240509D1925349700B42AFA /* Main.storyboard */,
				124050A31925349700B42AFA /* Images.xcassets */,
				124050921925349700B42AFA /* Supporting Files */,
			);
			path = ALDBlurImageProcessorDemo;
			sourceTree = "<group>";
		};
		124050921925349700B42AFA /* Supporting Files */ = {
			isa = PBXGroup;
			children = (
				124050931925349700B42AFA /* ALDBlurImageProcessorDemo-Info.plist */,
				124050941925349700B42AFA /* InfoPlist.strings */,
				124050971925349700B42AFA /* main.m */,
				124050991925349700B42AFA /* ALDBlurImageProcessorDemo-Prefix.pch */,
			);
			name = "Supporting Files";
			sourceTree = "<group>";
		};
/* End PBXGroup section */

/* Begin PBXNativeTarget section */
		124050871925349700B42AFA /* ALDBlurImageProcessorDemo */ = {
			isa = PBXNativeTarget;
			buildConfigurationList = 124050BA1925349700B42AFA /* Build configuration list for PBXNativeTarget "ALDBlurImageProcessorDemo" */;
			buildPhases = (
				F4A0AC456EE44E1B9D208DED /* Check Pods Manifest.lock */,
				124050841925349700B42AFA /* Sources */,
				124050851925349700B42AFA /* Frameworks */,
				124050861925349700B42AFA /* Resources */,
				2735AEAD6A2C4CB2BE6866A9 /* Copy Pods Resources */,
			);
			buildRules = (
			);
			dependencies = (
			);
			name = ALDBlurImageProcessorDemo;
			productName = TestBlur;
			productReference = 124050881925349700B42AFA /* ALDBlurImageProcessorDemo.app */;
			productType = "com.apple.product-type.application";
		};
/* End PBXNativeTarget section */

/* Begin PBXProject section */
		124050801925349700B42AFA /* Project object */ = {
			isa = PBXProject;
			attributes = {
				CLASSPREFIX = ALD;
				LastUpgradeCheck = 0510;
				ORGANIZATIONNAME = "Daniel L. Alves";
			};
			buildConfigurationList = 124050831925349700B42AFA /* Build configuration list for PBXProject "ALDBlurImageProcessorDemo" */;
			compatibilityVersion = "Xcode 3.2";
			developmentRegion = English;
			hasScannedForEncodings = 0;
			knownRegions = (
				en,
				Base,
			);
			mainGroup = 1240507F1925349700B42AFA;
			productRefGroup = 124050891925349700B42AFA /* Products */;
			projectDirPath = "";
			projectRoot = "";
			targets = (
				124050871925349700B42AFA /* ALDBlurImageProcessorDemo */,
			);
		};
/* End PBXProject section */

/* Begin PBXResourcesBuildPhase section */
		124050861925349700B42AFA /* Resources */ = {
			isa = PBXResourcesBuildPhase;
			buildActionMask = 2147483647;
			files = (
				124050A41925349700B42AFA /* Images.xcassets in Resources */,
				124050961925349700B42AFA /* InfoPlist.strings in Resources */,
				1240509F1925349700B42AFA /* Main.storyboard in Resources */,
			);
			runOnlyForDeploymentPostprocessing = 0;
		};
/* End PBXResourcesBuildPhase section */

/* Begin PBXShellScriptBuildPhase section */
		2735AEAD6A2C4CB2BE6866A9 /* Copy Pods Resources */ = {
			isa = PBXShellScriptBuildPhase;
			buildActionMask = 2147483647;
			files = (
			);
			inputPaths = (
			);
			name = "Copy Pods Resources";
			outputPaths = (
			);
			runOnlyForDeploymentPostprocessing = 0;
			shellPath = /bin/sh;
			shellScript = "\"${SRCROOT}/Pods/Pods-resources.sh\"\n";
			showEnvVarsInLog = 0;
		};
		F4A0AC456EE44E1B9D208DED /* Check Pods Manifest.lock */ = {
			isa = PBXShellScriptBuildPhase;
			buildActionMask = 2147483647;
			files = (
			);
			inputPaths = (
			);
			name = "Check Pods Manifest.lock";
			outputPaths = (
			);
			runOnlyForDeploymentPostprocessing = 0;
			shellPath = /bin/sh;
			shellScript = "diff \"${PODS_ROOT}/../Podfile.lock\" \"${PODS_ROOT}/Manifest.lock\" > /dev/null\nif [[ $? != 0 ]] ; then\n    cat << EOM\nerror: The sandbox is not in sync with the Podfile.lock. Run 'pod install' or update your CocoaPods installation.\nEOM\n    exit 1\nfi\n";
			showEnvVarsInLog = 0;
		};
/* End PBXShellScriptBuildPhase section */

/* Begin PBXSourcesBuildPhase section */
		124050841925349700B42AFA /* Sources */ = {
			isa = PBXSourcesBuildPhase;
			buildActionMask = 2147483647;
			files = (
				124050A21925349700B42AFA /* ALDViewController.m in Sources */,
				1240509C1925349700B42AFA /* ALDAppDelegate.m in Sources */,
				124050981925349700B42AFA /* main.m in Sources */,
			);
			runOnlyForDeploymentPostprocessing = 0;
		};
/* End PBXSourcesBuildPhase section */

/* Begin PBXVariantGroup section */
		124050941925349700B42AFA /* InfoPlist.strings */ = {
			isa = PBXVariantGroup;
			children = (
				124050951925349700B42AFA /* en */,
			);
			name = InfoPlist.strings;
			sourceTree = "<group>";
		};
		1240509D1925349700B42AFA /* Main.storyboard */ = {
			isa = PBXVariantGroup;
			children = (
				1240509E1925349700B42AFA /* Base */,
			);
			name = Main.storyboard;
			sourceTree = "<group>";
		};
/* End PBXVariantGroup section */

/* Begin XCBuildConfiguration section */
		124050B81925349700B42AFA /* Debug */ = {
			isa = XCBuildConfiguration;
			buildSettings = {
				ALWAYS_SEARCH_USER_PATHS = NO;
				CLANG_CXX_LANGUAGE_STANDARD = "gnu++0x";
				CLANG_CXX_LIBRARY = "libc++";
				CLANG_ENABLE_MODULES = YES;
				CLANG_ENABLE_OBJC_ARC = YES;
				CLANG_WARN_BOOL_CONVERSION = YES;
				CLANG_WARN_CONSTANT_CONVERSION = YES;
				CLANG_WARN_DIRECT_OBJC_ISA_USAGE = YES_ERROR;
				CLANG_WARN_EMPTY_BODY = YES;
				CLANG_WARN_ENUM_CONVERSION = YES;
				CLANG_WARN_INT_CONVERSION = YES;
				CLANG_WARN_OBJC_ROOT_CLASS = YES_ERROR;
				CLANG_WARN__DUPLICATE_METHOD_MATCH = YES;
				"CODE_SIGN_IDENTITY[sdk=iphoneos*]" = "iPhone Developer";
				COPY_PHASE_STRIP = NO;
				GCC_C_LANGUAGE_STANDARD = gnu99;
				GCC_DYNAMIC_NO_PIC = NO;
				GCC_OPTIMIZATION_LEVEL = 0;
				GCC_PREPROCESSOR_DEFINITIONS = (
					"DEBUG=1",
					"$(inherited)",
				);
				GCC_SYMBOLS_PRIVATE_EXTERN = NO;
				GCC_WARN_64_TO_32_BIT_CONVERSION = YES;
				GCC_WARN_ABOUT_RETURN_TYPE = YES_ERROR;
				GCC_WARN_UNDECLARED_SELECTOR = YES;
				GCC_WARN_UNINITIALIZED_AUTOS = YES_AGGRESSIVE;
				GCC_WARN_UNUSED_FUNCTION = YES;
				GCC_WARN_UNUSED_VARIABLE = YES;
				IPHONEOS_DEPLOYMENT_TARGET = 7.1;
				ONLY_ACTIVE_ARCH = YES;
				SDKROOT = iphoneos;
			};
			name = Debug;
		};
		124050B91925349700B42AFA /* Release */ = {
			isa = XCBuildConfiguration;
			buildSettings = {
				ALWAYS_SEARCH_USER_PATHS = NO;
				CLANG_CXX_LANGUAGE_STANDARD = "gnu++0x";
				CLANG_CXX_LIBRARY = "libc++";
				CLANG_ENABLE_MODULES = YES;
				CLANG_ENABLE_OBJC_ARC = YES;
				CLANG_WARN_BOOL_CONVERSION = YES;
				CLANG_WARN_CONSTANT_CONVERSION = YES;
				CLANG_WARN_DIRECT_OBJC_ISA_USAGE = YES_ERROR;
				CLANG_WARN_EMPTY_BODY = YES;
				CLANG_WARN_ENUM_CONVERSION = YES;
				CLANG_WARN_INT_CONVERSION = YES;
				CLANG_WARN_OBJC_ROOT_CLASS = YES_ERROR;
				CLANG_WARN__DUPLICATE_METHOD_MATCH = YES;
				"CODE_SIGN_IDENTITY[sdk=iphoneos*]" = "iPhone Developer";
				COPY_PHASE_STRIP = YES;
				ENABLE_NS_ASSERTIONS = NO;
				GCC_C_LANGUAGE_STANDARD = gnu99;
				GCC_WARN_64_TO_32_BIT_CONVERSION = YES;
				GCC_WARN_ABOUT_RETURN_TYPE = YES_ERROR;
				GCC_WARN_UNDECLARED_SELECTOR = YES;
				GCC_WARN_UNINITIALIZED_AUTOS = YES_AGGRESSIVE;
				GCC_WARN_UNUSED_FUNCTION = YES;
				GCC_WARN_UNUSED_VARIABLE = YES;
				IPHONEOS_DEPLOYMENT_TARGET = 7.1;
				SDKROOT = iphoneos;
				VALIDATE_PRODUCT = YES;
			};
			name = Release;
		};
		124050BB1925349700B42AFA /* Debug */ = {
			isa = XCBuildConfiguration;
			baseConfigurationReference = B254F9DFF5C8436498BF8920 /* Pods.xcconfig */;
			buildSettings = {
				ASSETCATALOG_COMPILER_APPICON_NAME = AppIcon;
				ASSETCATALOG_COMPILER_LAUNCHIMAGE_NAME = LaunchImage;
				GCC_PRECOMPILE_PREFIX_HEADER = YES;
				GCC_PREFIX_HEADER = "ALDBlurImageProcessorDemo/ALDBlurImageProcessorDemo-Prefix.pch";
				INFOPLIST_FILE = "ALDBlurImageProcessorDemo/ALDBlurImageProcessorDemo-Info.plist";
				IPHONEOS_DEPLOYMENT_TARGET = 6.0;
				PRODUCT_NAME = ALDBlurImageProcessorDemo;
				WRAPPER_EXTENSION = app;
			};
			name = Debug;
		};
		124050BC1925349700B42AFA /* Release */ = {
			isa = XCBuildConfiguration;
			baseConfigurationReference = B254F9DFF5C8436498BF8920 /* Pods.xcconfig */;
			buildSettings = {
				ASSETCATALOG_COMPILER_APPICON_NAME = AppIcon;
				ASSETCATALOG_COMPILER_LAUNCHIMAGE_NAME = LaunchImage;
				GCC_PRECOMPILE_PREFIX_HEADER = YES;
				GCC_PREFIX_HEADER = "ALDBlurImageProcessorDemo/ALDBlurImageProcessorDemo-Prefix.pch";
				INFOPLIST_FILE = "ALDBlurImageProcessorDemo/ALDBlurImageProcessorDemo-Info.plist";
				IPHONEOS_DEPLOYMENT_TARGET = 6.0;
				PRODUCT_NAME = ALDBlurImageProcessorDemo;
				WRAPPER_EXTENSION = app;
			};
			name = Release;
		};
/* End XCBuildConfiguration section */

/* Begin XCConfigurationList section */
		124050831925349700B42AFA /* Build configuration list for PBXProject "ALDBlurImageProcessorDemo" */ = {
			isa = XCConfigurationList;
			buildConfigurations = (
				124050B81925349700B42AFA /* Debug */,
				124050B91925349700B42AFA /* Release */,
			);
			defaultConfigurationIsVisible = 0;
			defaultConfigurationName = Release;
		};
		124050BA1925349700B42AFA /* Build configuration list for PBXNativeTarget "ALDBlurImageProcessorDemo" */ = {
			isa = XCConfigurationList;
			buildConfigurations = (
				124050BB1925349700B42AFA /* Debug */,
				124050BC1925349700B42AFA /* Release */,
			);
			defaultConfigurationIsVisible = 0;
			defaultConfigurationName = Release;
		};
/* End XCConfigurationList section */
	};
	rootObject = 124050801925349700B42AFA /* Project object */;
}
