PODS:
  - BlurImageProcessor (1.0.0)
  - NitroMath (1.0.0)

DEPENDENCIES:
  - BlurImageProcessor (from `../`)
  - NitroMath

EXTERNAL SOURCES:
  BlurImageProcessor:
    :path: "../"

SPEC CHECKSUMS:
  BlurImageProcessor: a4794ad3128748dbff8b40ae43ce9386d3667bba
  NitroMath: dd9cfd79a2fc28e44c4131d22b467eebd11168ac

PODFILE CHECKSUM: 9196d124b1d6460966660f20eff5b2f72fa8be4b

COCOAPODS: 1.0.1
